// !$*UTF8*$!
{
	archiveVersion = 1;
	classes = {
	};
	objectVersion = 46;
	objects = {

/* Begin PBXBuildFile section */
		E93630271ADF976A00746829 /* UserModel.swift in Sources */ = {isa = PBXBuildFile; fileRef = E93630261ADF976A00746829 /* UserModel.swift */; };
		E95D7CFA1ADF4CB400356A54 /* libsqlite3.dylib in Frameworks */ = {isa = PBXBuildFile; fileRef = E95D7CF91ADF4CB400356A54 /* libsqlite3.dylib */; };
		E9C719FE1ADF4300006368F6 /* AppDelegate.swift in Sources */ = {isa = PBXBuildFile; fileRef = E9C719FD1ADF4300006368F6 /* AppDelegate.swift */; };
		E9C71A001ADF4300006368F6 /* ViewController.swift in Sources */ = {isa = PBXBuildFile; fileRef = E9C719FF1ADF4300006368F6 /* ViewController.swift */; };
		E9C71A031ADF4300006368F6 /* Main.storyboard in Resources */ = {isa = PBXBuildFile; fileRef = E9C71A011ADF4300006368F6 /* Main.storyboard */; };
		E9C71A051ADF4300006368F6 /* Images.xcassets in Resources */ = {isa = PBXBuildFile; fileRef = E9C71A041ADF4300006368F6 /* Images.xcassets */; };
		E9C71A081ADF4300006368F6 /* LaunchScreen.xib in Resources */ = {isa = PBXBuildFile; fileRef = E9C71A061ADF4300006368F6 /* LaunchScreen.xib */; };
		E9C71A141ADF4300006368F6 /* sqliteDemoTests.swift in Sources */ = {isa = PBXBuildFile; fileRef = E9C71A131ADF4300006368F6 /* sqliteDemoTests.swift */; };
		E9F1ADCD1ADF7E6800B93CF8 /* BaseDB.swift in Sources */ = {isa = PBXBuildFile; fileRef = E9F1ADCC1ADF7E6800B93CF8 /* BaseDB.swift */; };
		E9FE75781ADF9843000A4CB5 /* UserDao.swift in Sources */ = {isa = PBXBuildFile; fileRef = E9FE75771ADF9843000A4CB5 /* UserDao.swift */; };
		E9FE757A1ADFABFC000A4CB5 /* UserViewController.swift in Sources */ = {isa = PBXBuildFile; fileRef = E9FE75791ADFABFC000A4CB5 /* UserViewController.swift */; };
/* End PBXBuildFile section */

/* Begin PBXContainerItemProxy section */
		E9C71A0E1ADF4300006368F6 /* PBXContainerItemProxy */ = {
			isa = PBXContainerItemProxy;
			containerPortal = E9C719F01ADF4300006368F6 /* Project object */;
			proxyType = 1;
			remoteGlobalIDString = E9C719F71ADF4300006368F6;
			remoteInfo = sqliteDemo;
		};
/* End PBXContainerItemProxy section */

/* Begin PBXFileReference section */
		E93630261ADF976A00746829 /* UserModel.swift */ = {isa = PBXFileReference; fileEncoding = 4; lastKnownFileType = sourcecode.swift; path = UserModel.swift; sourceTree = "<group>"; };
		E95D7CF81ADF498E00356A54 /* Header.h */ = {isa = PBXFileReference; fileEncoding = 4; lastKnownFileType = sourcecode.c.h; path = Header.h; sourceTree = "<group>"; };
		E95D7CF91ADF4CB400356A54 /* libsqlite3.dylib */ = {isa = PBXFileReference; lastKnownFileType = "compiled.mach-o.dylib"; name = libsqlite3.dylib; path = usr/lib/libsqlite3.dylib; sourceTree = SDKROOT; };
		E9C719F81ADF4300006368F6 /* sqliteDemo.app */ = {isa = PBXFileReference; explicitFileType = wrapper.application; includeInIndex = 0; path = sqliteDemo.app; sourceTree = BUILT_PRODUCTS_DIR; };
		E9C719FC1ADF4300006368F6 /* Info.plist */ = {isa = PBXFileReference; lastKnownFileType = text.plist.xml; path = Info.plist; sourceTree = "<group>"; };
		E9C719FD1ADF4300006368F6 /* AppDelegate.swift */ = {isa = PBXFileReference; lastKnownFileType = sourcecode.swift; path = AppDelegate.swift; sourceTree = "<group>"; };
		E9C719FF1ADF4300006368F6 /* ViewController.swift */ = {isa = PBXFileReference; lastKnownFileType = sourcecode.swift; path = ViewController.swift; sourceTree = "<group>"; };
		E9C71A021ADF4300006368F6 /* Base */ = {isa = PBXFileReference; lastKnownFileType = file.storyboard; name = Base; path = Base.lproj/Main.storyboard; sourceTree = "<group>"; };
		E9C71A041ADF4300006368F6 /* Images.xcassets */ = {isa = PBXFileReference; lastKnownFileType = folder.assetcatalog; path = Images.xcassets; sourceTree = "<group>"; };
		E9C71A071ADF4300006368F6 /* Base */ = {isa = PBXFileReference; lastKnownFileType = file.xib; name = Base; path = Base.lproj/LaunchScreen.xib; sourceTree = "<group>"; };
		E9C71A0D1ADF4300006368F6 /* sqliteDemoTests.xctest */ = {isa = PBXFileReference; explicitFileType = wrapper.cfbundle; includeInIndex = 0; path = sqliteDemoTests.xctest; sourceTree = BUILT_PRODUCTS_DIR; };
		E9C71A121ADF4300006368F6 /* Info.plist */ = {isa = PBXFileReference; lastKnownFileType = text.plist.xml; path = Info.plist; sourceTree = "<group>"; };
		E9C71A131ADF4300006368F6 /* sqliteDemoTests.swift */ = {isa = PBXFileReference; lastKnownFileType = sourcecode.swift; path = sqliteDemoTests.swift; sourceTree = "<group>"; };
		E9F1ADCC1ADF7E6800B93CF8 /* BaseDB.swift */ = {isa = PBXFileReference; fileEncoding = 4; lastKnownFileType = sourcecode.swift; path = BaseDB.swift; sourceTree = "<group>"; };
		E9FE75771ADF9843000A4CB5 /* UserDao.swift */ = {isa = PBXFileReference; fileEncoding = 4; lastKnownFileType = sourcecode.swift; path = UserDao.swift; sourceTree = "<group>"; };
		E9FE75791ADFABFC000A4CB5 /* UserViewController.swift */ = {isa = PBXFileReference; fileEncoding = 4; lastKnownFileType = sourcecode.swift; path = UserViewController.swift; sourceTree = "<group>"; };
/* End PBXFileReference section */

/* Begin PBXFrameworksBuildPhase section */
		E9C719F51ADF4300006368F6 /* Frameworks */ = {
			isa = PBXFrameworksBuildPhase;
			buildActionMask = 2147483647;
			files = (
				E95D7CFA1ADF4CB400356A54 /* libsqlite3.dylib in Frameworks */,
			);
			runOnlyForDeploymentPostprocessing = 0;
		};
		E9C71A0A1ADF4300006368F6 /* Frameworks */ = {
			isa = PBXFrameworksBuildPhase;
			buildActionMask = 2147483647;
			files = (
			);
			runOnlyForDeploymentPostprocessing = 0;
		};
/* End PBXFrameworksBuildPhase section */

/* Begin PBXGroup section */
		E93630291ADF980200746829 /* dao */ = {
			isa = PBXGroup;
			children = (
				E9FE75771ADF9843000A4CB5 /* UserDao.swift */,
			);
			name = dao;
			sourceTree = "<group>";
		};
		E95D7CFB1ADF7DF700356A54 /* database */ = {
			isa = PBXGroup;
			children = (
				E9F1ADCC1ADF7E6800B93CF8 /* BaseDB.swift */,
			);
			name = database;
			sourceTree = "<group>";
		};
		E9C0973B1ADF971D00E94DFD /* model */ = {
			isa = PBXGroup;
			children = (
				E93630261ADF976A00746829 /* UserModel.swift */,
			);
			name = model;
			sourceTree = "<group>";
		};
		E9C719EF1ADF4300006368F6 = {
			isa = PBXGroup;
			children = (
				E95D7CF91ADF4CB400356A54 /* libsqlite3.dylib */,
				E9C719FA1ADF4300006368F6 /* sqliteDemo */,
				E9C71A101ADF4300006368F6 /* sqliteDemoTests */,
				E9C719F91ADF4300006368F6 /* Products */,
			);
			sourceTree = "<group>";
		};
		E9C719F91ADF4300006368F6 /* Products */ = {
			isa = PBXGroup;
			children = (
				E9C719F81ADF4300006368F6 /* sqliteDemo.app */,
				E9C71A0D1ADF4300006368F6 /* sqliteDemoTests.xctest */,
			);
			name = Products;
			sourceTree = "<group>";
		};
		E9C719FA1ADF4300006368F6 /* sqliteDemo */ = {
			isa = PBXGroup;
			children = (
				E93630291ADF980200746829 /* dao */,
				E9C0973B1ADF971D00E94DFD /* model */,
				E95D7CFB1ADF7DF700356A54 /* database */,
				E95D7CF81ADF498E00356A54 /* Header.h */,
				E9C719FD1ADF4300006368F6 /* AppDelegate.swift */,
				E9C719FF1ADF4300006368F6 /* ViewController.swift */,
				E9C71A011ADF4300006368F6 /* Main.storyboard */,
				E9C71A041ADF4300006368F6 /* Images.xcassets */,
				E9C71A061ADF4300006368F6 /* LaunchScreen.xib */,
				E9C719FB1ADF4300006368F6 /* Supporting Files */,
				E9FE75791ADFABFC000A4CB5 /* UserViewController.swift */,
			);
			path = sqliteDemo;
			sourceTree = "<group>";
		};
		E9C719FB1ADF4300006368F6 /* Supporting Files */ = {
			isa = PBXGroup;
			children = (
				E9C719FC1ADF4300006368F6 /* Info.plist */,
			);
			name = "Supporting Files";
			sourceTree = "<group>";
		};
		E9C71A101ADF4300006368F6 /* sqliteDemoTests */ = {
			isa = PBXGroup;
			children = (
				E9C71A131ADF4300006368F6 /* sqliteDemoTests.swift */,
				E9C71A111ADF4300006368F6 /* Supporting Files */,
			);
			path = sqliteDemoTests;
			sourceTree = "<group>";
		};
		E9C71A111ADF4300006368F6 /* Supporting Files */ = {
			isa = PBXGroup;
			children = (
				E9C71A121ADF4300006368F6 /* Info.plist */,
			);
			name = "Supporting Files";
			sourceTree = "<group>";
		};
/* End PBXGroup section */

/* Begin PBXNativeTarget section */
		E9C719F71ADF4300006368F6 /* sqliteDemo */ = {
			isa = PBXNativeTarget;
			buildConfigurationList = E9C71A171ADF4300006368F6 /* Build configuration list for PBXNativeTarget "sqliteDemo" */;
			buildPhases = (
				E9C719F41ADF4300006368F6 /* Sources */,
				E9C719F51ADF4300006368F6 /* Frameworks */,
				E9C719F61ADF4300006368F6 /* Resources */,
			);
			buildRules = (
			);
			dependencies = (
			);
			name = sqliteDemo;
			productName = sqliteDemo;
			productReference = E9C719F81ADF4300006368F6 /* sqliteDemo.app */;
			productType = "com.apple.product-type.application";
		};
		E9C71A0C1ADF4300006368F6 /* sqliteDemoTests */ = {
			isa = PBXNativeTarget;
			buildConfigurationList = E9C71A1A1ADF4300006368F6 /* Build configuration list for PBXNativeTarget "sqliteDemoTests" */;
			buildPhases = (
				E9C71A091ADF4300006368F6 /* Sources */,
				E9C71A0A1ADF4300006368F6 /* Frameworks */,
				E9C71A0B1ADF4300006368F6 /* Resources */,
			);
			buildRules = (
			);
			dependencies = (
				E9C71A0F1ADF4300006368F6 /* PBXTargetDependency */,
			);
			name = sqliteDemoTests;
			productName = sqliteDemoTests;
			productReference = E9C71A0D1ADF4300006368F6 /* sqliteDemoTests.xctest */;
			productType = "com.apple.product-type.bundle.unit-test";
		};
/* End PBXNativeTarget section */

/* Begin PBXProject section */
		E9C719F01ADF4300006368F6 /* Project object */ = {
			isa = PBXProject;
			attributes = {
				LastUpgradeCheck = 0610;
				ORGANIZATIONNAME = sscf88;
				TargetAttributes = {
					E9C719F71ADF4300006368F6 = {
						CreatedOnToolsVersion = 6.1.1;
					};
					E9C71A0C1ADF4300006368F6 = {
						CreatedOnToolsVersion = 6.1.1;
						TestTargetID = E9C719F71ADF4300006368F6;
					};
				};
			};
			buildConfigurationList = E9C719F31ADF4300006368F6 /* Build configuration list for PBXProject "sqliteDemo" */;
			compatibilityVersion = "Xcode 3.2";
			developmentRegion = English;
			hasScannedForEncodings = 0;
			knownRegions = (
				en,
				Base,
			);
			mainGroup = E9C719EF1ADF4300006368F6;
			productRefGroup = E9C719F91ADF4300006368F6 /* Products */;
			projectDirPath = "";
			projectRoot = "";
			targets = (
				E9C719F71ADF4300006368F6 /* sqliteDemo */,
				E9C71A0C1ADF4300006368F6 /* sqliteDemoTests */,
			);
		};
/* End PBXProject section */

/* Begin PBXResourcesBuildPhase section */
		E9C719F61ADF4300006368F6 /* Resources */ = {
			isa = PBXResourcesBuildPhase;
			buildActionMask = 2147483647;
			files = (
				E9C71A031ADF4300006368F6 /* Main.storyboard in Resources */,
				E9C71A081ADF4300006368F6 /* LaunchScreen.xib in Resources */,
				E9C71A051ADF4300006368F6 /* Images.xcassets in Resources */,
			);
			runOnlyForDeploymentPostprocessing = 0;
		};
		E9C71A0B1ADF4300006368F6 /* Resources */ = {
			isa = PBXResourcesBuildPhase;
			buildActionMask = 2147483647;
			files = (
			);
			runOnlyForDeploymentPostprocessing = 0;
		};
/* End PBXResourcesBuildPhase section */

/* Begin PBXSourcesBuildPhase section */
		E9C719F41ADF4300006368F6 /* Sources */ = {
			isa = PBXSourcesBuildPhase;
			buildActionMask = 2147483647;
			files = (
				E9F1ADCD1ADF7E6800B93CF8 /* BaseDB.swift in Sources */,
				E9FE757A1ADFABFC000A4CB5 /* UserViewController.swift in Sources */,
				E9C71A001ADF4300006368F6 /* ViewController.swift in Sources */,
				E9FE75781ADF9843000A4CB5 /* UserDao.swift in Sources */,
				E93630271ADF976A00746829 /* UserModel.swift in Sources */,
				E9C719FE1ADF4300006368F6 /* AppDelegate.swift in Sources */,
			);
			runOnlyForDeploymentPostprocessing = 0;
		};
		E9C71A091ADF4300006368F6 /* Sources */ = {
			isa = PBXSourcesBuildPhase;
			buildActionMask = 2147483647;
			files = (
				E9C71A141ADF4300006368F6 /* sqliteDemoTests.swift in Sources */,
			);
			runOnlyForDeploymentPostprocessing = 0;
		};
/* End PBXSourcesBuildPhase section */

/* Begin PBXTargetDependency section */
		E9C71A0F1ADF4300006368F6 /* PBXTargetDependency */ = {
			isa = PBXTargetDependency;
			target = E9C719F71ADF4300006368F6 /* sqliteDemo */;
			targetProxy = E9C71A0E1ADF4300006368F6 /* PBXContainerItemProxy */;
		};
/* End PBXTargetDependency section */

/* Begin PBXVariantGroup section */
		E9C71A011ADF4300006368F6 /* Main.storyboard */ = {
			isa = PBXVariantGroup;
			children = (
				E9C71A021ADF4300006368F6 /* Base */,
			);
			name = Main.storyboard;
			sourceTree = "<group>";
		};
		E9C71A061ADF4300006368F6 /* LaunchScreen.xib */ = {
			isa = PBXVariantGroup;
			children = (
				E9C71A071ADF4300006368F6 /* Base */,
			);
			name = LaunchScreen.xib;
			sourceTree = "<group>";
		};
/* End PBXVariantGroup section */

/* Begin XCBuildConfiguration section */
		E9C71A151ADF4300006368F6 /* Debug */ = {
			isa = XCBuildConfiguration;
			buildSettings = {
				ALWAYS_SEARCH_USER_PATHS = NO;
				CLANG_CXX_LANGUAGE_STANDARD = "gnu++0x";
				CLANG_CXX_LIBRARY = "libc++";
				CLANG_ENABLE_MODULES = YES;
				CLANG_ENABLE_OBJC_ARC = YES;
				CLANG_WARN_BOOL_CONVERSION = YES;
				CLANG_WARN_CONSTANT_CONVERSION = YES;
				CLANG_WARN_DIRECT_OBJC_ISA_USAGE = YES_ERROR;
				CLANG_WARN_EMPTY_BODY = YES;
				CLANG_WARN_ENUM_CONVERSION = YES;
				CLANG_WARN_INT_CONVERSION = YES;
				CLANG_WARN_OBJC_ROOT_CLASS = YES_ERROR;
				CLANG_WARN_UNREACHABLE_CODE = YES;
				CLANG_WARN__DUPLICATE_METHOD_MATCH = YES;
				"CODE_SIGN_IDENTITY[sdk=iphoneos*]" = "iPhone Developer";
				COPY_PHASE_STRIP = NO;
				ENABLE_STRICT_OBJC_MSGSEND = YES;
				GCC_C_LANGUAGE_STANDARD = gnu99;
				GCC_DYNAMIC_NO_PIC = NO;
				GCC_OPTIMIZATION_LEVEL = 0;
				GCC_PREPROCESSOR_DEFINITIONS = (
					"DEBUG=1",
					"$(inherited)",
				);
				GCC_SYMBOLS_PRIVATE_EXTERN = NO;
				GCC_WARN_64_TO_32_BIT_CONVERSION = YES;
				GCC_WARN_ABOUT_RETURN_TYPE = YES_ERROR;
				GCC_WARN_UNDECLARED_SELECTOR = YES;
				GCC_WARN_UNINITIALIZED_AUTOS = YES_AGGRESSIVE;
				GCC_WARN_UNUSED_FUNCTION = YES;
				GCC_WARN_UNUSED_VARIABLE = YES;
				IPHONEOS_DEPLOYMENT_TARGET = 8.1;
				MTL_ENABLE_DEBUG_INFO = YES;
				ONLY_ACTIVE_ARCH = YES;
				SDKROOT = iphoneos;
				SWIFT_OPTIMIZATION_LEVEL = "-Onone";
				TARGETED_DEVICE_FAMILY = "1,2";
			};
			name = Debug;
		};
		E9C71A161ADF4300006368F6 /* Release */ = {
			isa = XCBuildConfiguration;
			buildSettings = {
				ALWAYS_SEARCH_USER_PATHS = NO;
				CLANG_CXX_LANGUAGE_STANDARD = "gnu++0x";
				CLANG_CXX_LIBRARY = "libc++";
				CLANG_ENABLE_MODULES = YES;
				CLANG_ENABLE_OBJC_ARC = YES;
				CLANG_WARN_BOOL_CONVERSION = YES;
				CLANG_WARN_CONSTANT_CONVERSION = YES;
				CLANG_WARN_DIRECT_OBJC_ISA_USAGE = YES_ERROR;
				CLANG_WARN_EMPTY_BODY = YES;
				CLANG_WARN_ENUM_CONVERSION = YES;
				CLANG_WARN_INT_CONVERSION = YES;
				CLANG_WARN_OBJC_ROOT_CLASS = YES_ERROR;
				CLANG_WARN_UNREACHABLE_CODE = YES;
				CLANG_WARN__DUPLICATE_METHOD_MATCH = YES;
				"CODE_SIGN_IDENTITY[sdk=iphoneos*]" = "iPhone Developer";
				COPY_PHASE_STRIP = YES;
				ENABLE_NS_ASSERTIONS = NO;
				ENABLE_STRICT_OBJC_MSGSEND = YES;
				GCC_C_LANGUAGE_STANDARD = gnu99;
				GCC_WARN_64_TO_32_BIT_CONVERSION = YES;
				GCC_WARN_ABOUT_RETURN_TYPE = YES_ERROR;
				GCC_WARN_UNDECLARED_SELECTOR = YES;
				GCC_WARN_UNINITIALIZED_AUTOS = YES_AGGRESSIVE;
				GCC_WARN_UNUSED_FUNCTION = YES;
				GCC_WARN_UNUSED_VARIABLE = YES;
				IPHONEOS_DEPLOYMENT_TARGET = 8.1;
				MTL_ENABLE_DEBUG_INFO = NO;
				SDKROOT = iphoneos;
				TARGETED_DEVICE_FAMILY = "1,2";
				VALIDATE_PRODUCT = YES;
			};
			name = Release;
		};
		E9C71A181ADF4300006368F6 /* Debug */ = {
			isa = XCBuildConfiguration;
			buildSettings = {
				ASSETCATALOG_COMPILER_APPICON_NAME = AppIcon;
				INFOPLIST_FILE = sqliteDemo/Info.plist;
				LD_RUNPATH_SEARCH_PATHS = "$(inherited) @executable_path/Frameworks";
				PRODUCT_NAME = "$(TARGET_NAME)";
				SWIFT_OBJC_BRIDGING_HEADER = sqliteDemo/Header.h;
			};
			name = Debug;
		};
		E9C71A191ADF4300006368F6 /* Release */ = {
			isa = XCBuildConfiguration;
			buildSettings = {
				ASSETCATALOG_COMPILER_APPICON_NAME = AppIcon;
				INFOPLIST_FILE = sqliteDemo/Info.plist;
				LD_RUNPATH_SEARCH_PATHS = "$(inherited) @executable_path/Frameworks";
				PRODUCT_NAME = "$(TARGET_NAME)";
				SWIFT_OBJC_BRIDGING_HEADER = sqliteDemo/Header.h;
			};
			name = Release;
		};
		E9C71A1B1ADF4300006368F6 /* Debug */ = {
			isa = XCBuildConfiguration;
			buildSettings = {
				BUNDLE_LOADER = "$(TEST_HOST)";
				FRAMEWORK_SEARCH_PATHS = (
					"$(SDKROOT)/Developer/Library/Frameworks",
					"$(inherited)",
				);
				GCC_PREPROCESSOR_DEFINITIONS = (
					"DEBUG=1",
					"$(inherited)",
				);
				INFOPLIST_FILE = sqliteDemoTests/Info.plist;
				LD_RUNPATH_SEARCH_PATHS = "$(inherited) @executable_path/Frameworks @loader_path/Frameworks";
				PRODUCT_NAME = "$(TARGET_NAME)";
				TEST_HOST = "$(BUILT_PRODUCTS_DIR)/sqliteDemo.app/sqliteDemo";
			};
			name = Debug;
		};
		E9C71A1C1ADF4300006368F6 /* Release */ = {
			isa = XCBuildConfiguration;
			buildSettings = {
				BUNDLE_LOADER = "$(TEST_HOST)";
				FRAMEWORK_SEARCH_PATHS = (
					"$(SDKROOT)/Developer/Library/Frameworks",
					"$(inherited)",
				);
				INFOPLIST_FILE = sqliteDemoTests/Info.plist;
				LD_RUNPATH_SEARCH_PATHS = "$(inherited) @executable_path/Frameworks @loader_path/Frameworks";
				PRODUCT_NAME = "$(TARGET_NAME)";
				TEST_HOST = "$(BUILT_PRODUCTS_DIR)/sqliteDemo.app/sqliteDemo";
			};
			name = Release;
		};
/* End XCBuildConfiguration section */

/* Begin XCConfigurationList section */
		E9C719F31ADF4300006368F6 /* Build configuration list for PBXProject "sqliteDemo" */ = {
			isa = XCConfigurationList;
			buildConfigurations = (
				E9C71A151ADF4300006368F6 /* Debug */,
				E9C71A161ADF4300006368F6 /* Release */,
			);
			defaultConfigurationIsVisible = 0;
			defaultConfigurationName = Release;
		};
		E9C71A171ADF4300006368F6 /* Build configuration list for PBXNativeTarget "sqliteDemo" */ = {
			isa = XCConfigurationList;
			buildConfigurations = (
				E9C71A181ADF4300006368F6 /* Debug */,
				E9C71A191ADF4300006368F6 /* Release */,
			);
			defaultConfigurationIsVisible = 0;
			defaultConfigurationName = Release;
		};
		E9C71A1A1ADF4300006368F6 /* Build configuration list for PBXNativeTarget "sqliteDemoTests" */ = {
			isa = XCConfigurationList;
			buildConfigurations = (
				E9C71A1B1ADF4300006368F6 /* Debug */,
				E9C71A1C1ADF4300006368F6 /* Release */,
			);
			defaultConfigurationIsVisible = 0;
			defaultConfigurationName = Release;
		};
/* End XCConfigurationList section */
	};
	rootObject = E9C719F01ADF4300006368F6 /* Project object */;
}
